
Microsoft Visual Studio Solution File, Format Version 12.00
# Visual Studio Version 17
VisualStudioVersion = 17.5.002.0
MinimumVisualStudioVersion = 10.0.40219.1
Project("{9A19103F-16F7-4668-BE54-9A1E7A4F7556}") = "StudentManagementSystem", "StudentManagementSystem.csproj", "{FAE2B4B6-9E1C-404B-9138-C0DF6DF8592D}"
EndProject
Global
	GlobalSection(SolutionConfigurationPlatforms) = preSolution
		Debug|Any CPU = Debug|Any CPU
		Release|Any CPU = Release|Any CPU
	EndGlobalSection
	GlobalSection(ProjectConfigurationPlatforms) = postSolution
		{FAE2B4B6-9E1C-404B-9138-C0DF6DF8592D}.Debug|Any CPU.ActiveCfg = Debug|Any CPU
		{FAE2B4B6-9E1C-404B-9138-C0DF6DF8592D}.Debug|Any CPU.Build.0 = Debug|Any CPU
		{FAE2B4B6-9E1C-404B-9138-C0DF6DF8592D}.Release|Any CPU.ActiveCfg = Release|Any CPU
		{FAE2B4B6-9E1C-404B-9138-C0DF6DF8592D}.Release|Any CPU.Build.0 = Release|Any CPU
	EndGlobalSection
	GlobalSection(SolutionProperties) = preSolution
		HideSolutionNode = FALSE
	EndGlobalSection
	GlobalSection(ExtensibilityGlobals) = postSolution
		SolutionGuid = {88B63422-0E76-4908-9A86-1D1C8324389A}
	EndGlobalSection
EndGlobal
